
Microsoft Visual Studio Solution File, Format Version 12.00
# Visual Studio Version 16
VisualStudioVersion = 16.0.31005.135
MinimumVisualStudioVersion = 10.0.40219.1
Project("{9A19103F-16F7-4668-BE54-9A1E7A4F7556}") = "Primer", "Primer\Primer.csproj", "{8B406B8B-4A2A-4E02-B0F0-74A43A04DDB4}"
EndProject
Project("{9A19103F-16F7-4668-BE54-9A1E7A4F7556}") = "Primer.Documentation", "Primer.Documentation\Primer.Documentation.csproj", "{450697FC-E984-494D-8E5A-97900F9B117A}"
EndProject
Project("{9A19103F-16F7-4668-BE54-9A1E7A4F7556}") = "Primer.IconGenerator", "Primer.IconGenerator\Primer.IconGenerator.csproj", "{D01BD246-2D8E-4990-B6FC-7B7577B6C37B}"
EndProject
Global
	GlobalSection(SolutionConfigurationPlatforms) = preSolution
		Debug|Any CPU = Debug|Any CPU
		Release|Any CPU = Release|Any CPU
	EndGlobalSection
	GlobalSection(ProjectConfigurationPlatforms) = postSolution
		{8B406B8B-4A2A-4E02-B0F0-74A43A04DDB4}.Debug|Any CPU.ActiveCfg = Debug|Any CPU
		{8B406B8B-4A2A-4E02-B0F0-74A43A04DDB4}.Debug|Any CPU.Build.0 = Debug|Any CPU
		{8B406B8B-4A2A-4E02-B0F0-74A43A04DDB4}.Release|Any CPU.ActiveCfg = Release|Any CPU
		{8B406B8B-4A2A-4E02-B0F0-74A43A04DDB4}.Release|Any CPU.Build.0 = Release|Any CPU
		{450697FC-E984-494D-8E5A-97900F9B117A}.Debug|Any CPU.ActiveCfg = Debug|Any CPU
		{450697FC-E984-494D-8E5A-97900F9B117A}.Debug|Any CPU.Build.0 = Debug|Any CPU
		{450697FC-E984-494D-8E5A-97900F9B117A}.Release|Any CPU.ActiveCfg = Release|Any CPU
		{450697FC-E984-494D-8E5A-97900F9B117A}.Release|Any CPU.Build.0 = Release|Any CPU
		{D01BD246-2D8E-4990-B6FC-7B7577B6C37B}.Debug|Any CPU.ActiveCfg = Debug|Any CPU
		{D01BD246-2D8E-4990-B6FC-7B7577B6C37B}.Debug|Any CPU.Build.0 = Debug|Any CPU
		{D01BD246-2D8E-4990-B6FC-7B7577B6C37B}.Release|Any CPU.ActiveCfg = Release|Any CPU
		{D01BD246-2D8E-4990-B6FC-7B7577B6C37B}.Release|Any CPU.Build.0 = Release|Any CPU
	EndGlobalSection
	GlobalSection(SolutionProperties) = preSolution
		HideSolutionNode = FALSE
	EndGlobalSection
	GlobalSection(ExtensibilityGlobals) = postSolution
		SolutionGuid = {4E9A424A-C70A-4EC8-920E-F9A0ACBFC200}
	EndGlobalSection
EndGlobal
